
Microsoft Visual Studio Solution File, Format Version 12.00
# Visual Studio 15
VisualStudioVersion = 15.0.26124.0
MinimumVisualStudioVersion = 15.0.26124.0
Project("{2150E333-8FDC-42A3-9474-1A3956D46DE8}") = "src", "src", "{72CCCCEB-154D-4DF0-A09B-679D79FD10FC}"
EndProject
Project("{FAE04EC0-301F-11D3-BF4B-00C04F79EFBC}") = "TestLogger", "src\TestLogger\TestLogger.csproj", "{22C6EF0F-F336-4F9C-AA42-5BCC903C85D6}"
EndProject
Project("{2150E333-8FDC-42A3-9474-1A3956D46DE8}") = "test", "test", "{9A248D92-3BD0-4AAE-A606-54F44892F224}"
EndProject
Project("{FAE04EC0-301F-11D3-BF4B-00C04F79EFBC}") = "TestLogger.UnitTests", "test\TestLogger.UnitTests\TestLogger.UnitTests.csproj", "{8CEB9FE4-196E-4168-BADE-02A9BD713082}"
EndProject
Project("{FAE04EC0-301F-11D3-BF4B-00C04F79EFBC}") = "Json.TestLogger", "test\Json.TestLogger\Json.TestLogger.csproj", "{EE45D213-4B1C-43A9-8F8A-3E7341B79903}"
EndProject
Project("{FAE04EC0-301F-11D3-BF4B-00C04F79EFBC}") = "Json.TestLogger.TestAdapter", "test\Json.TestLogger.TestAdapter\Json.TestLogger.TestAdapter.csproj", "{2355C385-40AF-454D-801D-90D07CE020A3}"
EndProject
Project("{FAE04EC0-301F-11D3-BF4B-00C04F79EFBC}") = "TestLogger.AcceptanceTests", "test\TestLogger.AcceptanceTests\TestLogger.AcceptanceTests.csproj", "{5053C762-1C92-4171-BD8E-B93E5A3F7205}"
EndProject
Project("{FAE04EC0-301F-11D3-BF4B-00C04F79EFBC}") = "package", "test\Json.TestLogger.Package\Json.TestLogger.Package.csproj", "{8E53A1B1-C0C9-41C6-93B0-19D86F077919}"
EndProject
Project("{FAE04EC0-301F-11D3-BF4B-00C04F79EFBC}") = "Xunit.Xml.TestLogger", "src\Xunit.Xml.TestLogger\Xunit.Xml.TestLogger.csproj", "{6E121950-CE08-4D90-A917-8D19D824F9DF}"
EndProject
Project("{FAE04EC0-301F-11D3-BF4B-00C04F79EFBC}") = "Xunit.Xml.TestLogger.AcceptanceTests", "test\Xunit.Xml.TestLogger.AcceptanceTests\Xunit.Xml.TestLogger.AcceptanceTests.csproj", "{8D20D537-8D27-4BF6-B26E-C4B0E9EAEEC7}"
EndProject
Project("{FAE04EC0-301F-11D3-BF4B-00C04F79EFBC}") = "NUnit.Xml.TestLogger", "src\NUnit.Xml.TestLogger\NUnit.Xml.TestLogger.csproj", "{1AC0D56F-109F-4EF5-BB81-191D127A5BF4}"
EndProject
Project("{FAE04EC0-301F-11D3-BF4B-00C04F79EFBC}") = "NUnit.Xml.TestLogger.AcceptanceTests", "test\NUnit.Xml.TestLogger.AcceptanceTests\NUnit.Xml.TestLogger.AcceptanceTests.csproj", "{37DFA75C-C2B3-4C28-A863-4A93BCE2DB31}"
EndProject
Project("{FAE04EC0-301F-11D3-BF4B-00C04F79EFBC}") = "NUnit.Xml.TestLogger.UnitTests", "test\NUnit.Xml.TestLogger.UnitTests\NUnit.Xml.TestLogger.UnitTests.csproj", "{928E3A82-16AB-4139-9C72-DEC07B52B9B4}"
EndProject
Project("{FAE04EC0-301F-11D3-BF4B-00C04F79EFBC}") = "NUnit.Xml.Package", "src\NUnit.Xml.Package\NUnit.Xml.Package.csproj", "{AB272F2A-C983-4615-8251-790701B2B9CE}"
EndProject
Project("{FAE04EC0-301F-11D3-BF4B-00C04F79EFBC}") = "Xunit.Xml.Package", "src\Xunit.Xml.Package\Xunit.Xml.Package.csproj", "{7333754A-5BEB-4C88-B67A-F01100763BCF}"
EndProject
Project("{FAE04EC0-301F-11D3-BF4B-00C04F79EFBC}") = "JUnit.Xml.TestLogger", "src\JUnit.Xml.TestLogger\JUnit.Xml.TestLogger.csproj", "{9158BFC3-D381-4B53-9F5B-D51AB0E15B96}"
EndProject
Project("{FAE04EC0-301F-11D3-BF4B-00C04F79EFBC}") = "JUnit.Xml.Package", "src\JUnit.Xml.Package\JUnit.Xml.Package.csproj", "{D513FFE1-15A9-4949-90E5-75B71AA70C30}"
EndProject
Project("{FAE04EC0-301F-11D3-BF4B-00C04F79EFBC}") = "JUnit.Xml.TestLogger.UnitTests", "test\JUnit.Xml.TestLogger.UnitTests\JUnit.Xml.TestLogger.UnitTests.csproj", "{7278183B-89AE-4C56-8D17-EE8E05B98E43}"
EndProject
Project("{FAE04EC0-301F-11D3-BF4B-00C04F79EFBC}") = "JUnit.Xml.TestLogger.AcceptanceTests", "test\JUnit.Xml.TestLogger.AcceptanceTests\JUnit.Xml.TestLogger.AcceptanceTests.csproj", "{A165A168-0D58-445E-B243-4E3F2708D141}"
EndProject
Global
	GlobalSection(SolutionConfigurationPlatforms) = preSolution
		Debug|Any CPU = Debug|Any CPU
		Debug|x64 = Debug|x64
		Debug|x86 = Debug|x86
		Release|Any CPU = Release|Any CPU
		Release|x64 = Release|x64
		Release|x86 = Release|x86
	EndGlobalSection
	GlobalSection(SolutionProperties) = preSolution
		HideSolutionNode = FALSE
	EndGlobalSection
	GlobalSection(ProjectConfigurationPlatforms) = postSolution
		{22C6EF0F-F336-4F9C-AA42-5BCC903C85D6}.Debug|Any CPU.ActiveCfg = Debug|Any CPU
		{22C6EF0F-F336-4F9C-AA42-5BCC903C85D6}.Debug|Any CPU.Build.0 = Debug|Any CPU
		{22C6EF0F-F336-4F9C-AA42-5BCC903C85D6}.Debug|x64.ActiveCfg = Debug|Any CPU
		{22C6EF0F-F336-4F9C-AA42-5BCC903C85D6}.Debug|x64.Build.0 = Debug|Any CPU
		{22C6EF0F-F336-4F9C-AA42-5BCC903C85D6}.Debug|x86.ActiveCfg = Debug|Any CPU
		{22C6EF0F-F336-4F9C-AA42-5BCC903C85D6}.Debug|x86.Build.0 = Debug|Any CPU
		{22C6EF0F-F336-4F9C-AA42-5BCC903C85D6}.Release|Any CPU.ActiveCfg = Release|Any CPU
		{22C6EF0F-F336-4F9C-AA42-5BCC903C85D6}.Release|Any CPU.Build.0 = Release|Any CPU
		{22C6EF0F-F336-4F9C-AA42-5BCC903C85D6}.Release|x64.ActiveCfg = Release|Any CPU
		{22C6EF0F-F336-4F9C-AA42-5BCC903C85D6}.Release|x64.Build.0 = Release|Any CPU
		{22C6EF0F-F336-4F9C-AA42-5BCC903C85D6}.Release|x86.ActiveCfg = Release|Any CPU
		{22C6EF0F-F336-4F9C-AA42-5BCC903C85D6}.Release|x86.Build.0 = Release|Any CPU
		{8CEB9FE4-196E-4168-BADE-02A9BD713082}.Debug|Any CPU.ActiveCfg = Debug|Any CPU
		{8CEB9FE4-196E-4168-BADE-02A9BD713082}.Debug|Any CPU.Build.0 = Debug|Any CPU
		{8CEB9FE4-196E-4168-BADE-02A9BD713082}.Debug|x64.ActiveCfg = Debug|Any CPU
		{8CEB9FE4-196E-4168-BADE-02A9BD713082}.Debug|x64.Build.0 = Debug|Any CPU
		{8CEB9FE4-196E-4168-BADE-02A9BD713082}.Debug|x86.ActiveCfg = Debug|Any CPU
		{8CEB9FE4-196E-4168-BADE-02A9BD713082}.Debug|x86.Build.0 = Debug|Any CPU
		{8CEB9FE4-196E-4168-BADE-02A9BD713082}.Release|Any CPU.ActiveCfg = Release|Any CPU
		{8CEB9FE4-196E-4168-BADE-02A9BD713082}.Release|Any CPU.Build.0 = Release|Any CPU
		{8CEB9FE4-196E-4168-BADE-02A9BD713082}.Release|x64.ActiveCfg = Release|Any CPU
		{8CEB9FE4-196E-4168-BADE-02A9BD713082}.Release|x64.Build.0 = Release|Any CPU
		{8CEB9FE4-196E-4168-BADE-02A9BD713082}.Release|x86.ActiveCfg = Release|Any CPU
		{8CEB9FE4-196E-4168-BADE-02A9BD713082}.Release|x86.Build.0 = Release|Any CPU
		{EE45D213-4B1C-43A9-8F8A-3E7341B79903}.Debug|Any CPU.ActiveCfg = Debug|Any CPU
		{EE45D213-4B1C-43A9-8F8A-3E7341B79903}.Debug|Any CPU.Build.0 = Debug|Any CPU
		{EE45D213-4B1C-43A9-8F8A-3E7341B79903}.Debug|x64.ActiveCfg = Debug|Any CPU
		{EE45D213-4B1C-43A9-8F8A-3E7341B79903}.Debug|x64.Build.0 = Debug|Any CPU
		{EE45D213-4B1C-43A9-8F8A-3E7341B79903}.Debug|x86.ActiveCfg = Debug|Any CPU
		{EE45D213-4B1C-43A9-8F8A-3E7341B79903}.Debug|x86.Build.0 = Debug|Any CPU
		{EE45D213-4B1C-43A9-8F8A-3E7341B79903}.Release|Any CPU.ActiveCfg = Release|Any CPU
		{EE45D213-4B1C-43A9-8F8A-3E7341B79903}.Release|Any CPU.Build.0 = Release|Any CPU
		{EE45D213-4B1C-43A9-8F8A-3E7341B79903}.Release|x64.ActiveCfg = Release|Any CPU
		{EE45D213-4B1C-43A9-8F8A-3E7341B79903}.Release|x64.Build.0 = Release|Any CPU
		{EE45D213-4B1C-43A9-8F8A-3E7341B79903}.Release|x86.ActiveCfg = Release|Any CPU
		{EE45D213-4B1C-43A9-8F8A-3E7341B79903}.Release|x86.Build.0 = Release|Any CPU
		{2355C385-40AF-454D-801D-90D07CE020A3}.Debug|Any CPU.ActiveCfg = Debug|Any CPU
		{2355C385-40AF-454D-801D-90D07CE020A3}.Debug|Any CPU.Build.0 = Debug|Any CPU
		{2355C385-40AF-454D-801D-90D07CE020A3}.Debug|x64.ActiveCfg = Debug|Any CPU
		{2355C385-40AF-454D-801D-90D07CE020A3}.Debug|x64.Build.0 = Debug|Any CPU
		{2355C385-40AF-454D-801D-90D07CE020A3}.Debug|x86.ActiveCfg = Debug|Any CPU
		{2355C385-40AF-454D-801D-90D07CE020A3}.Debug|x86.Build.0 = Debug|Any CPU
		{2355C385-40AF-454D-801D-90D07CE020A3}.Release|Any CPU.ActiveCfg = Release|Any CPU
		{2355C385-40AF-454D-801D-90D07CE020A3}.Release|Any CPU.Build.0 = Release|Any CPU
		{2355C385-40AF-454D-801D-90D07CE020A3}.Release|x64.ActiveCfg = Release|Any CPU
		{2355C385-40AF-454D-801D-90D07CE020A3}.Release|x64.Build.0 = Release|Any CPU
		{2355C385-40AF-454D-801D-90D07CE020A3}.Release|x86.ActiveCfg = Release|Any CPU
		{2355C385-40AF-454D-801D-90D07CE020A3}.Release|x86.Build.0 = Release|Any CPU
		{5053C762-1C92-4171-BD8E-B93E5A3F7205}.Debug|Any CPU.ActiveCfg = Debug|Any CPU
		{5053C762-1C92-4171-BD8E-B93E5A3F7205}.Debug|Any CPU.Build.0 = Debug|Any CPU
		{5053C762-1C92-4171-BD8E-B93E5A3F7205}.Debug|x64.ActiveCfg = Debug|Any CPU
		{5053C762-1C92-4171-BD8E-B93E5A3F7205}.Debug|x64.Build.0 = Debug|Any CPU
		{5053C762-1C92-4171-BD8E-B93E5A3F7205}.Debug|x86.ActiveCfg = Debug|Any CPU
		{5053C762-1C92-4171-BD8E-B93E5A3F7205}.Debug|x86.Build.0 = Debug|Any CPU
		{5053C762-1C92-4171-BD8E-B93E5A3F7205}.Release|Any CPU.ActiveCfg = Release|Any CPU
		{5053C762-1C92-4171-BD8E-B93E5A3F7205}.Release|Any CPU.Build.0 = Release|Any CPU
		{5053C762-1C92-4171-BD8E-B93E5A3F7205}.Release|x64.ActiveCfg = Release|Any CPU
		{5053C762-1C92-4171-BD8E-B93E5A3F7205}.Release|x64.Build.0 = Release|Any CPU
		{5053C762-1C92-4171-BD8E-B93E5A3F7205}.Release|x86.ActiveCfg = Release|Any CPU
		{5053C762-1C92-4171-BD8E-B93E5A3F7205}.Release|x86.Build.0 = Release|Any CPU
		{8E53A1B1-C0C9-41C6-93B0-19D86F077919}.Debug|Any CPU.ActiveCfg = Debug|Any CPU
		{8E53A1B1-C0C9-41C6-93B0-19D86F077919}.Debug|Any CPU.Build.0 = Debug|Any CPU
		{8E53A1B1-C0C9-41C6-93B0-19D86F077919}.Debug|x64.ActiveCfg = Debug|Any CPU
		{8E53A1B1-C0C9-41C6-93B0-19D86F077919}.Debug|x64.Build.0 = Debug|Any CPU
		{8E53A1B1-C0C9-41C6-93B0-19D86F077919}.Debug|x86.ActiveCfg = Debug|Any CPU
		{8E53A1B1-C0C9-41C6-93B0-19D86F077919}.Debug|x86.Build.0 = Debug|Any CPU
		{8E53A1B1-C0C9-41C6-93B0-19D86F077919}.Release|Any CPU.ActiveCfg = Release|Any CPU
		{8E53A1B1-C0C9-41C6-93B0-19D86F077919}.Release|Any CPU.Build.0 = Release|Any CPU
		{8E53A1B1-C0C9-41C6-93B0-19D86F077919}.Release|x64.ActiveCfg = Release|Any CPU
		{8E53A1B1-C0C9-41C6-93B0-19D86F077919}.Release|x64.Build.0 = Release|Any CPU
		{8E53A1B1-C0C9-41C6-93B0-19D86F077919}.Release|x86.ActiveCfg = Release|Any CPU
		{8E53A1B1-C0C9-41C6-93B0-19D86F077919}.Release|x86.Build.0 = Release|Any CPU
		{6E121950-CE08-4D90-A917-8D19D824F9DF}.Debug|Any CPU.ActiveCfg = Debug|Any CPU
		{6E121950-CE08-4D90-A917-8D19D824F9DF}.Debug|Any CPU.Build.0 = Debug|Any CPU
		{6E121950-CE08-4D90-A917-8D19D824F9DF}.Debug|x64.ActiveCfg = Debug|Any CPU
		{6E121950-CE08-4D90-A917-8D19D824F9DF}.Debug|x64.Build.0 = Debug|Any CPU
		{6E121950-CE08-4D90-A917-8D19D824F9DF}.Debug|x86.ActiveCfg = Debug|Any CPU
		{6E121950-CE08-4D90-A917-8D19D824F9DF}.Debug|x86.Build.0 = Debug|Any CPU
		{6E121950-CE08-4D90-A917-8D19D824F9DF}.Release|Any CPU.ActiveCfg = Release|Any CPU
		{6E121950-CE08-4D90-A917-8D19D824F9DF}.Release|Any CPU.Build.0 = Release|Any CPU
		{6E121950-CE08-4D90-A917-8D19D824F9DF}.Release|x64.ActiveCfg = Release|Any CPU
		{6E121950-CE08-4D90-A917-8D19D824F9DF}.Release|x64.Build.0 = Release|Any CPU
		{6E121950-CE08-4D90-A917-8D19D824F9DF}.Release|x86.ActiveCfg = Release|Any CPU
		{6E121950-CE08-4D90-A917-8D19D824F9DF}.Release|x86.Build.0 = Release|Any CPU
		{C550BA05-E19C-4FF1-B688-07A9303A4B05}.Debug|Any CPU.ActiveCfg = Debug|Any CPU
		{C550BA05-E19C-4FF1-B688-07A9303A4B05}.Debug|Any CPU.Build.0 = Debug|Any CPU
		{C550BA05-E19C-4FF1-B688-07A9303A4B05}.Debug|x64.ActiveCfg = Debug|Any CPU
		{C550BA05-E19C-4FF1-B688-07A9303A4B05}.Debug|x64.Build.0 = Debug|Any CPU
		{C550BA05-E19C-4FF1-B688-07A9303A4B05}.Debug|x86.ActiveCfg = Debug|Any CPU
		{C550BA05-E19C-4FF1-B688-07A9303A4B05}.Debug|x86.Build.0 = Debug|Any CPU
		{C550BA05-E19C-4FF1-B688-07A9303A4B05}.Release|Any CPU.ActiveCfg = Release|Any CPU
		{C550BA05-E19C-4FF1-B688-07A9303A4B05}.Release|Any CPU.Build.0 = Release|Any CPU
		{C550BA05-E19C-4FF1-B688-07A9303A4B05}.Release|x64.ActiveCfg = Release|Any CPU
		{C550BA05-E19C-4FF1-B688-07A9303A4B05}.Release|x64.Build.0 = Release|Any CPU
		{C550BA05-E19C-4FF1-B688-07A9303A4B05}.Release|x86.ActiveCfg = Release|Any CPU
		{C550BA05-E19C-4FF1-B688-07A9303A4B05}.Release|x86.Build.0 = Release|Any CPU
		{8D20D537-8D27-4BF6-B26E-C4B0E9EAEEC7}.Debug|Any CPU.ActiveCfg = Debug|Any CPU
		{8D20D537-8D27-4BF6-B26E-C4B0E9EAEEC7}.Debug|Any CPU.Build.0 = Debug|Any CPU
		{8D20D537-8D27-4BF6-B26E-C4B0E9EAEEC7}.Debug|x64.ActiveCfg = Debug|Any CPU
		{8D20D537-8D27-4BF6-B26E-C4B0E9EAEEC7}.Debug|x64.Build.0 = Debug|Any CPU
		{8D20D537-8D27-4BF6-B26E-C4B0E9EAEEC7}.Debug|x86.ActiveCfg = Debug|Any CPU
		{8D20D537-8D27-4BF6-B26E-C4B0E9EAEEC7}.Debug|x86.Build.0 = Debug|Any CPU
		{8D20D537-8D27-4BF6-B26E-C4B0E9EAEEC7}.Release|Any CPU.ActiveCfg = Release|Any CPU
		{8D20D537-8D27-4BF6-B26E-C4B0E9EAEEC7}.Release|Any CPU.Build.0 = Release|Any CPU
		{8D20D537-8D27-4BF6-B26E-C4B0E9EAEEC7}.Release|x64.ActiveCfg = Release|Any CPU
		{8D20D537-8D27-4BF6-B26E-C4B0E9EAEEC7}.Release|x64.Build.0 = Release|Any CPU
		{8D20D537-8D27-4BF6-B26E-C4B0E9EAEEC7}.Release|x86.ActiveCfg = Release|Any CPU
		{8D20D537-8D27-4BF6-B26E-C4B0E9EAEEC7}.Release|x86.Build.0 = Release|Any CPU
		{1AC0D56F-109F-4EF5-BB81-191D127A5BF4}.Debug|Any CPU.ActiveCfg = Debug|Any CPU
		{1AC0D56F-109F-4EF5-BB81-191D127A5BF4}.Debug|Any CPU.Build.0 = Debug|Any CPU
		{1AC0D56F-109F-4EF5-BB81-191D127A5BF4}.Debug|x64.ActiveCfg = Debug|Any CPU
		{1AC0D56F-109F-4EF5-BB81-191D127A5BF4}.Debug|x64.Build.0 = Debug|Any CPU
		{1AC0D56F-109F-4EF5-BB81-191D127A5BF4}.Debug|x86.ActiveCfg = Debug|Any CPU
		{1AC0D56F-109F-4EF5-BB81-191D127A5BF4}.Debug|x86.Build.0 = Debug|Any CPU
		{1AC0D56F-109F-4EF5-BB81-191D127A5BF4}.Release|Any CPU.ActiveCfg = Release|Any CPU
		{1AC0D56F-109F-4EF5-BB81-191D127A5BF4}.Release|Any CPU.Build.0 = Release|Any CPU
		{1AC0D56F-109F-4EF5-BB81-191D127A5BF4}.Release|x64.ActiveCfg = Release|Any CPU
		{1AC0D56F-109F-4EF5-BB81-191D127A5BF4}.Release|x64.Build.0 = Release|Any CPU
		{1AC0D56F-109F-4EF5-BB81-191D127A5BF4}.Release|x86.ActiveCfg = Release|Any CPU
		{1AC0D56F-109F-4EF5-BB81-191D127A5BF4}.Release|x86.Build.0 = Release|Any CPU
		{ACA432D8-6340-4275-A565-7F2341F46838}.Debug|Any CPU.ActiveCfg = Debug|Any CPU
		{ACA432D8-6340-4275-A565-7F2341F46838}.Debug|Any CPU.Build.0 = Debug|Any CPU
		{ACA432D8-6340-4275-A565-7F2341F46838}.Debug|x64.ActiveCfg = Debug|Any CPU
		{ACA432D8-6340-4275-A565-7F2341F46838}.Debug|x64.Build.0 = Debug|Any CPU
		{ACA432D8-6340-4275-A565-7F2341F46838}.Debug|x86.ActiveCfg = Debug|Any CPU
		{ACA432D8-6340-4275-A565-7F2341F46838}.Debug|x86.Build.0 = Debug|Any CPU
		{ACA432D8-6340-4275-A565-7F2341F46838}.Release|Any CPU.ActiveCfg = Release|Any CPU
		{ACA432D8-6340-4275-A565-7F2341F46838}.Release|Any CPU.Build.0 = Release|Any CPU
		{ACA432D8-6340-4275-A565-7F2341F46838}.Release|x64.ActiveCfg = Release|Any CPU
		{ACA432D8-6340-4275-A565-7F2341F46838}.Release|x64.Build.0 = Release|Any CPU
		{ACA432D8-6340-4275-A565-7F2341F46838}.Release|x86.ActiveCfg = Release|Any CPU
		{ACA432D8-6340-4275-A565-7F2341F46838}.Release|x86.Build.0 = Release|Any CPU
		{37DFA75C-C2B3-4C28-A863-4A93BCE2DB31}.Debug|Any CPU.ActiveCfg = Debug|Any CPU
		{37DFA75C-C2B3-4C28-A863-4A93BCE2DB31}.Debug|Any CPU.Build.0 = Debug|Any CPU
		{37DFA75C-C2B3-4C28-A863-4A93BCE2DB31}.Debug|x64.ActiveCfg = Debug|Any CPU
		{37DFA75C-C2B3-4C28-A863-4A93BCE2DB31}.Debug|x64.Build.0 = Debug|Any CPU
		{37DFA75C-C2B3-4C28-A863-4A93BCE2DB31}.Debug|x86.ActiveCfg = Debug|Any CPU
		{37DFA75C-C2B3-4C28-A863-4A93BCE2DB31}.Debug|x86.Build.0 = Debug|Any CPU
		{37DFA75C-C2B3-4C28-A863-4A93BCE2DB31}.Release|Any CPU.ActiveCfg = Release|Any CPU
		{37DFA75C-C2B3-4C28-A863-4A93BCE2DB31}.Release|Any CPU.Build.0 = Release|Any CPU
		{37DFA75C-C2B3-4C28-A863-4A93BCE2DB31}.Release|x64.ActiveCfg = Release|Any CPU
		{37DFA75C-C2B3-4C28-A863-4A93BCE2DB31}.Release|x64.Build.0 = Release|Any CPU
		{37DFA75C-C2B3-4C28-A863-4A93BCE2DB31}.Release|x86.ActiveCfg = Release|Any CPU
		{37DFA75C-C2B3-4C28-A863-4A93BCE2DB31}.Release|x86.Build.0 = Release|Any CPU
		{928E3A82-16AB-4139-9C72-DEC07B52B9B4}.Debug|Any CPU.ActiveCfg = Debug|Any CPU
		{928E3A82-16AB-4139-9C72-DEC07B52B9B4}.Debug|Any CPU.Build.0 = Debug|Any CPU
		{928E3A82-16AB-4139-9C72-DEC07B52B9B4}.Debug|x64.ActiveCfg = Debug|Any CPU
		{928E3A82-16AB-4139-9C72-DEC07B52B9B4}.Debug|x64.Build.0 = Debug|Any CPU
		{928E3A82-16AB-4139-9C72-DEC07B52B9B4}.Debug|x86.ActiveCfg = Debug|Any CPU
		{928E3A82-16AB-4139-9C72-DEC07B52B9B4}.Debug|x86.Build.0 = Debug|Any CPU
		{928E3A82-16AB-4139-9C72-DEC07B52B9B4}.Release|Any CPU.ActiveCfg = Release|Any CPU
		{928E3A82-16AB-4139-9C72-DEC07B52B9B4}.Release|Any CPU.Build.0 = Release|Any CPU
		{928E3A82-16AB-4139-9C72-DEC07B52B9B4}.Release|x64.ActiveCfg = Release|Any CPU
		{928E3A82-16AB-4139-9C72-DEC07B52B9B4}.Release|x64.Build.0 = Release|Any CPU
		{928E3A82-16AB-4139-9C72-DEC07B52B9B4}.Release|x86.ActiveCfg = Release|Any CPU
		{928E3A82-16AB-4139-9C72-DEC07B52B9B4}.Release|x86.Build.0 = Release|Any CPU
		{AB272F2A-C983-4615-8251-790701B2B9CE}.Debug|Any CPU.ActiveCfg = Debug|Any CPU
		{AB272F2A-C983-4615-8251-790701B2B9CE}.Debug|Any CPU.Build.0 = Debug|Any CPU
		{AB272F2A-C983-4615-8251-790701B2B9CE}.Debug|x64.ActiveCfg = Debug|Any CPU
		{AB272F2A-C983-4615-8251-790701B2B9CE}.Debug|x64.Build.0 = Debug|Any CPU
		{AB272F2A-C983-4615-8251-790701B2B9CE}.Debug|x86.ActiveCfg = Debug|Any CPU
		{AB272F2A-C983-4615-8251-790701B2B9CE}.Debug|x86.Build.0 = Debug|Any CPU
		{AB272F2A-C983-4615-8251-790701B2B9CE}.Release|Any CPU.ActiveCfg = Release|Any CPU
		{AB272F2A-C983-4615-8251-790701B2B9CE}.Release|Any CPU.Build.0 = Release|Any CPU
		{AB272F2A-C983-4615-8251-790701B2B9CE}.Release|x64.ActiveCfg = Release|Any CPU
		{AB272F2A-C983-4615-8251-790701B2B9CE}.Release|x64.Build.0 = Release|Any CPU
		{AB272F2A-C983-4615-8251-790701B2B9CE}.Release|x86.ActiveCfg = Release|Any CPU
		{AB272F2A-C983-4615-8251-790701B2B9CE}.Release|x86.Build.0 = Release|Any CPU
		{7333754A-5BEB-4C88-B67A-F01100763BCF}.Debug|Any CPU.ActiveCfg = Debug|Any CPU
		{7333754A-5BEB-4C88-B67A-F01100763BCF}.Debug|Any CPU.Build.0 = Debug|Any CPU
		{7333754A-5BEB-4C88-B67A-F01100763BCF}.Debug|x64.ActiveCfg = Debug|Any CPU
		{7333754A-5BEB-4C88-B67A-F01100763BCF}.Debug|x64.Build.0 = Debug|Any CPU
		{7333754A-5BEB-4C88-B67A-F01100763BCF}.Debug|x86.ActiveCfg = Debug|Any CPU
		{7333754A-5BEB-4C88-B67A-F01100763BCF}.Debug|x86.Build.0 = Debug|Any CPU
		{7333754A-5BEB-4C88-B67A-F01100763BCF}.Release|Any CPU.ActiveCfg = Release|Any CPU
		{7333754A-5BEB-4C88-B67A-F01100763BCF}.Release|Any CPU.Build.0 = Release|Any CPU
		{7333754A-5BEB-4C88-B67A-F01100763BCF}.Release|x64.ActiveCfg = Release|Any CPU
		{7333754A-5BEB-4C88-B67A-F01100763BCF}.Release|x64.Build.0 = Release|Any CPU
		{7333754A-5BEB-4C88-B67A-F01100763BCF}.Release|x86.ActiveCfg = Release|Any CPU
		{7333754A-5BEB-4C88-B67A-F01100763BCF}.Release|x86.Build.0 = Release|Any CPU
		{9158BFC3-D381-4B53-9F5B-D51AB0E15B96}.Debug|Any CPU.ActiveCfg = Debug|Any CPU
		{9158BFC3-D381-4B53-9F5B-D51AB0E15B96}.Debug|Any CPU.Build.0 = Debug|Any CPU
		{9158BFC3-D381-4B53-9F5B-D51AB0E15B96}.Debug|x64.ActiveCfg = Debug|Any CPU
		{9158BFC3-D381-4B53-9F5B-D51AB0E15B96}.Debug|x64.Build.0 = Debug|Any CPU
		{9158BFC3-D381-4B53-9F5B-D51AB0E15B96}.Debug|x86.ActiveCfg = Debug|Any CPU
		{9158BFC3-D381-4B53-9F5B-D51AB0E15B96}.Debug|x86.Build.0 = Debug|Any CPU
		{9158BFC3-D381-4B53-9F5B-D51AB0E15B96}.Release|Any CPU.ActiveCfg = Release|Any CPU
		{9158BFC3-D381-4B53-9F5B-D51AB0E15B96}.Release|Any CPU.Build.0 = Release|Any CPU
		{9158BFC3-D381-4B53-9F5B-D51AB0E15B96}.Release|x64.ActiveCfg = Release|Any CPU
		{9158BFC3-D381-4B53-9F5B-D51AB0E15B96}.Release|x64.Build.0 = Release|Any CPU
		{9158BFC3-D381-4B53-9F5B-D51AB0E15B96}.Release|x86.ActiveCfg = Release|Any CPU
		{9158BFC3-D381-4B53-9F5B-D51AB0E15B96}.Release|x86.Build.0 = Release|Any CPU
		{D513FFE1-15A9-4949-90E5-75B71AA70C30}.Debug|Any CPU.ActiveCfg = Debug|Any CPU
		{D513FFE1-15A9-4949-90E5-75B71AA70C30}.Debug|Any CPU.Build.0 = Debug|Any CPU
		{D513FFE1-15A9-4949-90E5-75B71AA70C30}.Debug|x64.ActiveCfg = Debug|Any CPU
		{D513FFE1-15A9-4949-90E5-75B71AA70C30}.Debug|x64.Build.0 = Debug|Any CPU
		{D513FFE1-15A9-4949-90E5-75B71AA70C30}.Debug|x86.ActiveCfg = Debug|Any CPU
		{D513FFE1-15A9-4949-90E5-75B71AA70C30}.Debug|x86.Build.0 = Debug|Any CPU
		{D513FFE1-15A9-4949-90E5-75B71AA70C30}.Release|Any CPU.ActiveCfg = Release|Any CPU
		{D513FFE1-15A9-4949-90E5-75B71AA70C30}.Release|Any CPU.Build.0 = Release|Any CPU
		{D513FFE1-15A9-4949-90E5-75B71AA70C30}.Release|x64.ActiveCfg = Release|Any CPU
		{D513FFE1-15A9-4949-90E5-75B71AA70C30}.Release|x64.Build.0 = Release|Any CPU
		{D513FFE1-15A9-4949-90E5-75B71AA70C30}.Release|x86.ActiveCfg = Release|Any CPU
		{D513FFE1-15A9-4949-90E5-75B71AA70C30}.Release|x86.Build.0 = Release|Any CPU
		{7278183B-89AE-4C56-8D17-EE8E05B98E43}.Debug|Any CPU.ActiveCfg = Debug|Any CPU
		{7278183B-89AE-4C56-8D17-EE8E05B98E43}.Debug|Any CPU.Build.0 = Debug|Any CPU
		{7278183B-89AE-4C56-8D17-EE8E05B98E43}.Debug|x64.ActiveCfg = Debug|Any CPU
		{7278183B-89AE-4C56-8D17-EE8E05B98E43}.Debug|x64.Build.0 = Debug|Any CPU
		{7278183B-89AE-4C56-8D17-EE8E05B98E43}.Debug|x86.ActiveCfg = Debug|Any CPU
		{7278183B-89AE-4C56-8D17-EE8E05B98E43}.Debug|x86.Build.0 = Debug|Any CPU
		{7278183B-89AE-4C56-8D17-EE8E05B98E43}.Release|Any CPU.ActiveCfg = Release|Any CPU
		{7278183B-89AE-4C56-8D17-EE8E05B98E43}.Release|Any CPU.Build.0 = Release|Any CPU
		{7278183B-89AE-4C56-8D17-EE8E05B98E43}.Release|x64.ActiveCfg = Release|Any CPU
		{7278183B-89AE-4C56-8D17-EE8E05B98E43}.Release|x64.Build.0 = Release|Any CPU
		{7278183B-89AE-4C56-8D17-EE8E05B98E43}.Release|x86.ActiveCfg = Release|Any CPU
		{7278183B-89AE-4C56-8D17-EE8E05B98E43}.Release|x86.Build.0 = Release|Any CPU
		{A165A168-0D58-445E-B243-4E3F2708D141}.Debug|Any CPU.ActiveCfg = Debug|Any CPU
		{A165A168-0D58-445E-B243-4E3F2708D141}.Debug|Any CPU.Build.0 = Debug|Any CPU
		{A165A168-0D58-445E-B243-4E3F2708D141}.Debug|x64.ActiveCfg = Debug|Any CPU
		{A165A168-0D58-445E-B243-4E3F2708D141}.Debug|x64.Build.0 = Debug|Any CPU
		{A165A168-0D58-445E-B243-4E3F2708D141}.Debug|x86.ActiveCfg = Debug|Any CPU
		{A165A168-0D58-445E-B243-4E3F2708D141}.Debug|x86.Build.0 = Debug|Any CPU
		{A165A168-0D58-445E-B243-4E3F2708D141}.Release|Any CPU.ActiveCfg = Release|Any CPU
		{A165A168-0D58-445E-B243-4E3F2708D141}.Release|Any CPU.Build.0 = Release|Any CPU
		{A165A168-0D58-445E-B243-4E3F2708D141}.Release|x64.ActiveCfg = Release|Any CPU
		{A165A168-0D58-445E-B243-4E3F2708D141}.Release|x64.Build.0 = Release|Any CPU
		{A165A168-0D58-445E-B243-4E3F2708D141}.Release|x86.ActiveCfg = Release|Any CPU
		{A165A168-0D58-445E-B243-4E3F2708D141}.Release|x86.Build.0 = Release|Any CPU
	EndGlobalSection
	GlobalSection(NestedProjects) = preSolution
		{22C6EF0F-F336-4F9C-AA42-5BCC903C85D6} = {72CCCCEB-154D-4DF0-A09B-679D79FD10FC}
		{8CEB9FE4-196E-4168-BADE-02A9BD713082} = {9A248D92-3BD0-4AAE-A606-54F44892F224}
		{EE45D213-4B1C-43A9-8F8A-3E7341B79903} = {9A248D92-3BD0-4AAE-A606-54F44892F224}
		{2355C385-40AF-454D-801D-90D07CE020A3} = {9A248D92-3BD0-4AAE-A606-54F44892F224}
		{5053C762-1C92-4171-BD8E-B93E5A3F7205} = {9A248D92-3BD0-4AAE-A606-54F44892F224}
		{8E53A1B1-C0C9-41C6-93B0-19D86F077919} = {9A248D92-3BD0-4AAE-A606-54F44892F224}
		{6E121950-CE08-4D90-A917-8D19D824F9DF} = {72CCCCEB-154D-4DF0-A09B-679D79FD10FC}
		{8D20D537-8D27-4BF6-B26E-C4B0E9EAEEC7} = {9A248D92-3BD0-4AAE-A606-54F44892F224}
		{1AC0D56F-109F-4EF5-BB81-191D127A5BF4} = {72CCCCEB-154D-4DF0-A09B-679D79FD10FC}
		{37DFA75C-C2B3-4C28-A863-4A93BCE2DB31} = {9A248D92-3BD0-4AAE-A606-54F44892F224}
		{928E3A82-16AB-4139-9C72-DEC07B52B9B4} = {9A248D92-3BD0-4AAE-A606-54F44892F224}
		{AB272F2A-C983-4615-8251-790701B2B9CE} = {72CCCCEB-154D-4DF0-A09B-679D79FD10FC}
		{7333754A-5BEB-4C88-B67A-F01100763BCF} = {72CCCCEB-154D-4DF0-A09B-679D79FD10FC}
		{9158BFC3-D381-4B53-9F5B-D51AB0E15B96} = {72CCCCEB-154D-4DF0-A09B-679D79FD10FC}
		{D513FFE1-15A9-4949-90E5-75B71AA70C30} = {72CCCCEB-154D-4DF0-A09B-679D79FD10FC}
		{7278183B-89AE-4C56-8D17-EE8E05B98E43} = {9A248D92-3BD0-4AAE-A606-54F44892F224}
		{A165A168-0D58-445E-B243-4E3F2708D141} = {9A248D92-3BD0-4AAE-A606-54F44892F224}
	EndGlobalSection
EndGlobal
